
Microsoft Visual Studio Solution File, Format Version 11.00
# Visual Studio 2010
Project("{FAE04EC0-301F-11D3-BF4B-00C04F79EFBC}") = "PaintIn3D", "PaintIn3D.csproj", "{a840f053-3fea-974e-8311-af12c1d3ff53}"
EndProject
Project("{FAE04EC0-301F-11D3-BF4B-00C04F79EFBC}") = "Assembly-CSharp", "Assembly-CSharp.csproj", "{b62c1e8c-9542-a0b6-df4b-149387bbaa8f}"
EndProject
Project("{FAE04EC0-301F-11D3-BF4B-00C04F79EFBC}") = "Assembly-CSharp-firstpass", "Assembly-CSharp-firstpass.csproj", "{80b7beea-a1ba-6a79-d9b0-eb10a37cb447}"
EndProject
Global
	GlobalSection(SolutionConfigurationPlatforms) = preSolution
		Debug|Any CPU = Debug|Any CPU
	EndGlobalSection
	GlobalSection(ProjectConfigurationPlatforms) = postSolution
		{a840f053-3fea-974e-8311-af12c1d3ff53}.Debug|Any CPU.ActiveCfg = Debug|Any CPU
		{a840f053-3fea-974e-8311-af12c1d3ff53}.Debug|Any CPU.Build.0 = Debug|Any CPU
		{b62c1e8c-9542-a0b6-df4b-149387bbaa8f}.Debug|Any CPU.ActiveCfg = Debug|Any CPU
		{b62c1e8c-9542-a0b6-df4b-149387bbaa8f}.Debug|Any CPU.Build.0 = Debug|Any CPU
		{80b7beea-a1ba-6a79-d9b0-eb10a37cb447}.Debug|Any CPU.ActiveCfg = Debug|Any CPU
		{80b7beea-a1ba-6a79-d9b0-eb10a37cb447}.Debug|Any CPU.Build.0 = Debug|Any CPU
	EndGlobalSection
	GlobalSection(SolutionProperties) = preSolution
		HideSolutionNode = FALSE
	EndGlobalSection
EndGlobal
